
Microsoft Visual Studio Solution File, Format Version 12.00
# Visual Studio 14
VisualStudioVersion = 14.0.25420.1
MinimumVisualStudioVersion = 10.0.40219.1
Project("{2150E333-8FDC-42A3-9474-1A3956D46DE8}") = "src", "src", "{428FB505-F4D2-44AF-8BFA-3150EA6F7D2F}"
EndProject
Project("{2150E333-8FDC-42A3-9474-1A3956D46DE8}") = "Solution Items", "Solution Items", "{224508AF-1F32-4ABD-AB89-30F390BD8849}"
	ProjectSection(SolutionItems) = preProject
		global.json = global.json
	EndProjectSection
EndProject
Project("{8BB2217D-0F2D-49D1-97BC-3654ED321F3B}") = "yes_we_can", "src\mapbox\yes_we_can.xproj", "{38E98D81-B537-49D3-80D8-E3AF4D13034C}"
EndProject
Global
	GlobalSection(SolutionConfigurationPlatforms) = preSolution
		Debug|Any CPU = Debug|Any CPU
		Release|Any CPU = Release|Any CPU
	EndGlobalSection
	GlobalSection(ProjectConfigurationPlatforms) = postSolution
		{38E98D81-B537-49D3-80D8-E3AF4D13034C}.Debug|Any CPU.ActiveCfg = Debug|Any CPU
		{38E98D81-B537-49D3-80D8-E3AF4D13034C}.Debug|Any CPU.Build.0 = Debug|Any CPU
		{38E98D81-B537-49D3-80D8-E3AF4D13034C}.Release|Any CPU.ActiveCfg = Release|Any CPU
		{38E98D81-B537-49D3-80D8-E3AF4D13034C}.Release|Any CPU.Build.0 = Release|Any CPU
	EndGlobalSection
	GlobalSection(SolutionProperties) = preSolution
		HideSolutionNode = FALSE
	EndGlobalSection
	GlobalSection(NestedProjects) = preSolution
		{38E98D81-B537-49D3-80D8-E3AF4D13034C} = {428FB505-F4D2-44AF-8BFA-3150EA6F7D2F}
	EndGlobalSection
EndGlobal
